
Microsoft Visual Studio Solution File, Format Version 12.00
# Visual Studio 15
VisualStudioVersion = 15.0.27703.2000
MinimumVisualStudioVersion = 10.0.40219.1
Project("{9A19103F-16F7-4668-BE54-9A1E7A4F7556}") = "BasketAPI", "Services\BasketAPI\BasketAPI.csproj", "{193DBBE7-64E6-4492-A154-53DA0757F2AE}"
EndProject
Project("{2150E333-8FDC-42A3-9474-1A3956D46DE8}") = "Services", "Services", "{7FF3F289-6575-499C-8574-53145C4AD89E}"
EndProject
Project("{2150E333-8FDC-42A3-9474-1A3956D46DE8}") = "ApiGateways", "ApiGateways", "{DA4E9846-EE32-4F10-A235-1AA6D87DD3E1}"
EndProject
Project("{2150E333-8FDC-42A3-9474-1A3956D46DE8}") = "BuildingBlocks", "BuildingBlocks", "{2EC2E215-04C0-4667-93D7-7948D31D4027}"
EndProject
Project("{2150E333-8FDC-42A3-9474-1A3956D46DE8}") = "Web Apps", "Web Apps", "{CE469E03-7199-4F84-B539-44EF68919BA4}"
EndProject
Project("{9A19103F-16F7-4668-BE54-9A1E7A4F7556}") = "CatalogAPI", "Services\CatalogAPI\CatalogAPI.csproj", "{A1BBF783-EBAA-4DE5-8F27-16BE1B08F0BF}"
EndProject
Project("{9A19103F-16F7-4668-BE54-9A1E7A4F7556}") = "IdentityAPI", "Services\IdentityAPI\IdentityAPI.csproj", "{C88EDBC3-73DA-4902-AEDF-652EA19AE823}"
EndProject
Project("{9A19103F-16F7-4668-BE54-9A1E7A4F7556}") = "LocationsAPI", "Services\LocationsAPI\LocationsAPI.csproj", "{4434F9CF-F380-4166-829F-F9316A16CAFE}"
EndProject
Project("{9A19103F-16F7-4668-BE54-9A1E7A4F7556}") = "MarketingAPI", "Services\MarketingAPI\MarketingAPI.csproj", "{75873450-37A1-4E5D-AC36-166AAF1BFCDD}"
EndProject
Project("{2150E333-8FDC-42A3-9474-1A3956D46DE8}") = "Ordering", "Ordering", "{64A06B2F-DF6F-4BAB-A86F-AC011D4A6AA6}"
EndProject
Project("{9A19103F-16F7-4668-BE54-9A1E7A4F7556}") = "OcelotApiGw", "ApiGateways\OcelotApiGw\OcelotApiGw.csproj", "{AB397E3E-EBC5-458B-8437-BA62DE0CC5CD}"
EndProject
Project("{9A19103F-16F7-4668-BE54-9A1E7A4F7556}") = "WebMVC", "Web\WebMVC\WebMVC.csproj", "{E57475AD-C425-46D4-8CA3-D91EB047690F}"
EndProject
Project("{2150E333-8FDC-42A3-9474-1A3956D46DE8}") = "HealthChecks", "HealthChecks", "{13988A9C-DF19-4137-A3DE-C161EC6A91FE}"
EndProject
Project("{9A19103F-16F7-4668-BE54-9A1E7A4F7556}") = "EventBus", "BuildingBlocks\EventBus\EventBus\EventBus.csproj", "{617E4080-5D48-4D81-BA22-171E20ADAE98}"
EndProject
Global
	GlobalSection(SolutionConfigurationPlatforms) = preSolution
		Debug|Any CPU = Debug|Any CPU
		Release|Any CPU = Release|Any CPU
	EndGlobalSection
	GlobalSection(ProjectConfigurationPlatforms) = postSolution
		{193DBBE7-64E6-4492-A154-53DA0757F2AE}.Debug|Any CPU.ActiveCfg = Debug|Any CPU
		{193DBBE7-64E6-4492-A154-53DA0757F2AE}.Debug|Any CPU.Build.0 = Debug|Any CPU
		{193DBBE7-64E6-4492-A154-53DA0757F2AE}.Release|Any CPU.ActiveCfg = Release|Any CPU
		{193DBBE7-64E6-4492-A154-53DA0757F2AE}.Release|Any CPU.Build.0 = Release|Any CPU
		{A1BBF783-EBAA-4DE5-8F27-16BE1B08F0BF}.Debug|Any CPU.ActiveCfg = Debug|Any CPU
		{A1BBF783-EBAA-4DE5-8F27-16BE1B08F0BF}.Debug|Any CPU.Build.0 = Debug|Any CPU
		{A1BBF783-EBAA-4DE5-8F27-16BE1B08F0BF}.Release|Any CPU.ActiveCfg = Release|Any CPU
		{A1BBF783-EBAA-4DE5-8F27-16BE1B08F0BF}.Release|Any CPU.Build.0 = Release|Any CPU
		{C88EDBC3-73DA-4902-AEDF-652EA19AE823}.Debug|Any CPU.ActiveCfg = Debug|Any CPU
		{C88EDBC3-73DA-4902-AEDF-652EA19AE823}.Debug|Any CPU.Build.0 = Debug|Any CPU
		{C88EDBC3-73DA-4902-AEDF-652EA19AE823}.Release|Any CPU.ActiveCfg = Release|Any CPU
		{C88EDBC3-73DA-4902-AEDF-652EA19AE823}.Release|Any CPU.Build.0 = Release|Any CPU
		{4434F9CF-F380-4166-829F-F9316A16CAFE}.Debug|Any CPU.ActiveCfg = Debug|Any CPU
		{4434F9CF-F380-4166-829F-F9316A16CAFE}.Debug|Any CPU.Build.0 = Debug|Any CPU
		{4434F9CF-F380-4166-829F-F9316A16CAFE}.Release|Any CPU.ActiveCfg = Release|Any CPU
		{4434F9CF-F380-4166-829F-F9316A16CAFE}.Release|Any CPU.Build.0 = Release|Any CPU
		{75873450-37A1-4E5D-AC36-166AAF1BFCDD}.Debug|Any CPU.ActiveCfg = Debug|Any CPU
		{75873450-37A1-4E5D-AC36-166AAF1BFCDD}.Debug|Any CPU.Build.0 = Debug|Any CPU
		{75873450-37A1-4E5D-AC36-166AAF1BFCDD}.Release|Any CPU.ActiveCfg = Release|Any CPU
		{75873450-37A1-4E5D-AC36-166AAF1BFCDD}.Release|Any CPU.Build.0 = Release|Any CPU
		{AB397E3E-EBC5-458B-8437-BA62DE0CC5CD}.Debug|Any CPU.ActiveCfg = Debug|Any CPU
		{AB397E3E-EBC5-458B-8437-BA62DE0CC5CD}.Debug|Any CPU.Build.0 = Debug|Any CPU
		{AB397E3E-EBC5-458B-8437-BA62DE0CC5CD}.Release|Any CPU.ActiveCfg = Release|Any CPU
		{AB397E3E-EBC5-458B-8437-BA62DE0CC5CD}.Release|Any CPU.Build.0 = Release|Any CPU
		{E57475AD-C425-46D4-8CA3-D91EB047690F}.Debug|Any CPU.ActiveCfg = Debug|Any CPU
		{E57475AD-C425-46D4-8CA3-D91EB047690F}.Debug|Any CPU.Build.0 = Debug|Any CPU
		{E57475AD-C425-46D4-8CA3-D91EB047690F}.Release|Any CPU.ActiveCfg = Release|Any CPU
		{E57475AD-C425-46D4-8CA3-D91EB047690F}.Release|Any CPU.Build.0 = Release|Any CPU
		{617E4080-5D48-4D81-BA22-171E20ADAE98}.Debug|Any CPU.ActiveCfg = Debug|Any CPU
		{617E4080-5D48-4D81-BA22-171E20ADAE98}.Debug|Any CPU.Build.0 = Debug|Any CPU
		{617E4080-5D48-4D81-BA22-171E20ADAE98}.Release|Any CPU.ActiveCfg = Release|Any CPU
		{617E4080-5D48-4D81-BA22-171E20ADAE98}.Release|Any CPU.Build.0 = Release|Any CPU
	EndGlobalSection
	GlobalSection(SolutionProperties) = preSolution
		HideSolutionNode = FALSE
	EndGlobalSection
	GlobalSection(NestedProjects) = preSolution
		{193DBBE7-64E6-4492-A154-53DA0757F2AE} = {7FF3F289-6575-499C-8574-53145C4AD89E}
		{A1BBF783-EBAA-4DE5-8F27-16BE1B08F0BF} = {7FF3F289-6575-499C-8574-53145C4AD89E}
		{C88EDBC3-73DA-4902-AEDF-652EA19AE823} = {7FF3F289-6575-499C-8574-53145C4AD89E}
		{4434F9CF-F380-4166-829F-F9316A16CAFE} = {7FF3F289-6575-499C-8574-53145C4AD89E}
		{75873450-37A1-4E5D-AC36-166AAF1BFCDD} = {7FF3F289-6575-499C-8574-53145C4AD89E}
		{64A06B2F-DF6F-4BAB-A86F-AC011D4A6AA6} = {7FF3F289-6575-499C-8574-53145C4AD89E}
		{AB397E3E-EBC5-458B-8437-BA62DE0CC5CD} = {DA4E9846-EE32-4F10-A235-1AA6D87DD3E1}
		{E57475AD-C425-46D4-8CA3-D91EB047690F} = {CE469E03-7199-4F84-B539-44EF68919BA4}
		{13988A9C-DF19-4137-A3DE-C161EC6A91FE} = {2EC2E215-04C0-4667-93D7-7948D31D4027}
		{617E4080-5D48-4D81-BA22-171E20ADAE98} = {2EC2E215-04C0-4667-93D7-7948D31D4027}
	EndGlobalSection
	GlobalSection(ExtensibilityGlobals) = postSolution
		SolutionGuid = {01F58102-8A1C-4E14-951D-7A432B69F22F}
	EndGlobalSection
EndGlobal
